
Microsoft Visual Studio Solution File, Format Version 12.00
# Visual Studio Version 16
VisualStudioVersion = 16.0.29411.108
MinimumVisualStudioVersion = 10.0.40219.1
Project("{FAE04EC0-301F-11D3-BF4B-00C04F79EFBC}") = "Mercato.ApplicationInsights.Web.FrontDoor", "Mercato.ApplicationInsights.Web.FrontDoor\Mercato.ApplicationInsights.Web.FrontDoor.csproj", "{764167AE-605B-4D8D-96B3-7504ACFCF813}"
EndProject
Project("{FAE04EC0-301F-11D3-BF4B-00C04F79EFBC}") = "TelemetryTestSite", "TelemetryTestSite\TelemetryTestSite.csproj", "{52AD3CD3-C924-4C49-8D8C-7DB20E1464D3}"
EndProject
Global
	GlobalSection(SolutionConfigurationPlatforms) = preSolution
		Debug|Any CPU = Debug|Any CPU
		Release|Any CPU = Release|Any CPU
	EndGlobalSection
	GlobalSection(ProjectConfigurationPlatforms) = postSolution
		{764167AE-605B-4D8D-96B3-7504ACFCF813}.Debug|Any CPU.ActiveCfg = Debug|Any CPU
		{764167AE-605B-4D8D-96B3-7504ACFCF813}.Debug|Any CPU.Build.0 = Debug|Any CPU
		{764167AE-605B-4D8D-96B3-7504ACFCF813}.Release|Any CPU.ActiveCfg = Release|Any CPU
		{764167AE-605B-4D8D-96B3-7504ACFCF813}.Release|Any CPU.Build.0 = Release|Any CPU
		{52AD3CD3-C924-4C49-8D8C-7DB20E1464D3}.Debug|Any CPU.ActiveCfg = Debug|Any CPU
		{52AD3CD3-C924-4C49-8D8C-7DB20E1464D3}.Debug|Any CPU.Build.0 = Debug|Any CPU
		{52AD3CD3-C924-4C49-8D8C-7DB20E1464D3}.Release|Any CPU.ActiveCfg = Release|Any CPU
		{52AD3CD3-C924-4C49-8D8C-7DB20E1464D3}.Release|Any CPU.Build.0 = Release|Any CPU
	EndGlobalSection
	GlobalSection(SolutionProperties) = preSolution
		HideSolutionNode = FALSE
	EndGlobalSection
	GlobalSection(ExtensibilityGlobals) = postSolution
		SolutionGuid = {08923AC3-3EB6-4921-BC99-5C2C8164AC84}
	EndGlobalSection
EndGlobal
